
Microsoft Visual Studio Solution File, Format Version 12.00
# Visual Studio 15
Project("{FAE04EC0-301F-11D3-BF4B-00C04F79EFBC}") = "Assembly-CSharp", "Assembly-CSharp.csproj", "{EF9312DE-58E2-09B3-7FDC-499435500611}"
EndProject
Project("{FAE04EC0-301F-11D3-BF4B-00C04F79EFBC}") = "Assembly-CSharp-firstpass", "Assembly-CSharp-firstpass.csproj", "{7A75583A-C179-70F5-0061-5D2105E40545}"
EndProject
Project("{FAE04EC0-301F-11D3-BF4B-00C04F79EFBC}") = "Assembly-CSharp-Editor", "Assembly-CSharp-Editor.csproj", "{69FCE376-8224-1394-2D96-6D33BBE6BAF0}"
EndProject
Global
	GlobalSection(SolutionConfigurationPlatforms) = preSolution
		Debug|Any CPU = Debug|Any CPU
		Release|Any CPU = Release|Any CPU
	EndGlobalSection
	GlobalSection(ProjectConfigurationPlatforms) = postSolution
		{EF9312DE-58E2-09B3-7FDC-499435500611}.Debug|Any CPU.ActiveCfg = Debug|Any CPU
		{EF9312DE-58E2-09B3-7FDC-499435500611}.Debug|Any CPU.Build.0 = Debug|Any CPU
		{EF9312DE-58E2-09B3-7FDC-499435500611}.Release|Any CPU.ActiveCfg = Release|Any CPU
		{EF9312DE-58E2-09B3-7FDC-499435500611}.Release|Any CPU.Build.0 = Release|Any CPU
		{7A75583A-C179-70F5-0061-5D2105E40545}.Debug|Any CPU.ActiveCfg = Debug|Any CPU
		{7A75583A-C179-70F5-0061-5D2105E40545}.Debug|Any CPU.Build.0 = Debug|Any CPU
		{7A75583A-C179-70F5-0061-5D2105E40545}.Release|Any CPU.ActiveCfg = Release|Any CPU
		{7A75583A-C179-70F5-0061-5D2105E40545}.Release|Any CPU.Build.0 = Release|Any CPU
		{69FCE376-8224-1394-2D96-6D33BBE6BAF0}.Debug|Any CPU.ActiveCfg = Debug|Any CPU
		{69FCE376-8224-1394-2D96-6D33BBE6BAF0}.Debug|Any CPU.Build.0 = Debug|Any CPU
		{69FCE376-8224-1394-2D96-6D33BBE6BAF0}.Release|Any CPU.ActiveCfg = Release|Any CPU
		{69FCE376-8224-1394-2D96-6D33BBE6BAF0}.Release|Any CPU.Build.0 = Release|Any CPU
	EndGlobalSection
	GlobalSection(SolutionProperties) = preSolution
		HideSolutionNode = FALSE
	EndGlobalSection
EndGlobal
