
Microsoft Visual Studio Solution File, Format Version 12.00
# Visual Studio 15
Project("{FAE04EC0-301F-11D3-BF4B-00C04F79EFBC}") = "Assembly-CSharp", "Assembly-CSharp.csproj", "{56F9ED53-0BCB-6EA4-3AB2-E797CE113FA9}"
EndProject
Project("{FAE04EC0-301F-11D3-BF4B-00C04F79EFBC}") = "Assembly-CSharp-firstpass", "Assembly-CSharp-firstpass.csproj", "{1E68F2FC-33A0-8526-6742-83A29E48D2CC}"
EndProject
Project("{FAE04EC0-301F-11D3-BF4B-00C04F79EFBC}") = "Assembly-CSharp-Editor", "Assembly-CSharp-Editor.csproj", "{F887724D-BF03-DE8D-A27E-1F1946C02964}"
EndProject
Global
	GlobalSection(SolutionConfigurationPlatforms) = preSolution
		Debug|Any CPU = Debug|Any CPU
		Release|Any CPU = Release|Any CPU
	EndGlobalSection
	GlobalSection(ProjectConfigurationPlatforms) = postSolution
		{56F9ED53-0BCB-6EA4-3AB2-E797CE113FA9}.Debug|Any CPU.ActiveCfg = Debug|Any CPU
		{56F9ED53-0BCB-6EA4-3AB2-E797CE113FA9}.Debug|Any CPU.Build.0 = Debug|Any CPU
		{56F9ED53-0BCB-6EA4-3AB2-E797CE113FA9}.Release|Any CPU.ActiveCfg = Release|Any CPU
		{56F9ED53-0BCB-6EA4-3AB2-E797CE113FA9}.Release|Any CPU.Build.0 = Release|Any CPU
		{1E68F2FC-33A0-8526-6742-83A29E48D2CC}.Debug|Any CPU.ActiveCfg = Debug|Any CPU
		{1E68F2FC-33A0-8526-6742-83A29E48D2CC}.Debug|Any CPU.Build.0 = Debug|Any CPU
		{1E68F2FC-33A0-8526-6742-83A29E48D2CC}.Release|Any CPU.ActiveCfg = Release|Any CPU
		{1E68F2FC-33A0-8526-6742-83A29E48D2CC}.Release|Any CPU.Build.0 = Release|Any CPU
		{F887724D-BF03-DE8D-A27E-1F1946C02964}.Debug|Any CPU.ActiveCfg = Debug|Any CPU
		{F887724D-BF03-DE8D-A27E-1F1946C02964}.Debug|Any CPU.Build.0 = Debug|Any CPU
		{F887724D-BF03-DE8D-A27E-1F1946C02964}.Release|Any CPU.ActiveCfg = Release|Any CPU
		{F887724D-BF03-DE8D-A27E-1F1946C02964}.Release|Any CPU.Build.0 = Release|Any CPU
	EndGlobalSection
	GlobalSection(SolutionProperties) = preSolution
		HideSolutionNode = FALSE
	EndGlobalSection
EndGlobal
